
Microsoft Visual Studio Solution File, Format Version 12.00
# Visual Studio Version 17
VisualStudioVersion = 17.3.32825.248
MinimumVisualStudioVersion = 10.0.40219.1
Project("{FAE04EC0-301F-11D3-BF4B-00C04F79EFBC}") = "lab2(GUI)", "lab2(GUI).csproj", "{E735B66E-1687-4E27-BA43-35C868201868}"
EndProject
Global
	GlobalSection(SolutionConfigurationPlatforms) = preSolution
		Debug|Any CPU = Debug|Any CPU
		Release|Any CPU = Release|Any CPU
	EndGlobalSection
	GlobalSection(ProjectConfigurationPlatforms) = postSolution
		{E735B66E-1687-4E27-BA43-35C868201868}.Debug|Any CPU.ActiveCfg = Debug|Any CPU
		{E735B66E-1687-4E27-BA43-35C868201868}.Debug|Any CPU.Build.0 = Debug|Any CPU
		{E735B66E-1687-4E27-BA43-35C868201868}.Release|Any CPU.ActiveCfg = Release|Any CPU
		{E735B66E-1687-4E27-BA43-35C868201868}.Release|Any CPU.Build.0 = Release|Any CPU
	EndGlobalSection
	GlobalSection(SolutionProperties) = preSolution
		HideSolutionNode = FALSE
	EndGlobalSection
	GlobalSection(ExtensibilityGlobals) = postSolution
		SolutionGuid = {1B15FCDF-6487-4A02-8977-2005000F27CA}
	EndGlobalSection
EndGlobal
